
Microsoft Visual Studio Solution File, Format Version 12.00
# Visual Studio 15
VisualStudioVersion = 15.0.28307.1525
MinimumVisualStudioVersion = 10.0.40219.1
Project("{8BC9CEB8-8B4A-11D0-8D11-00A0C91BC942}") = "normal_angle_adaptive", "normal_angle_adaptive\normal_angle_adaptive.vcxproj", "{0874A118-D7F7-476B-9756-69D71EFB6FB3}"
EndProject
Global
	GlobalSection(SolutionConfigurationPlatforms) = preSolution
		Debug|x64 = Debug|x64
		Debug|x86 = Debug|x86
		Release|x64 = Release|x64
		Release|x86 = Release|x86
	EndGlobalSection
	GlobalSection(ProjectConfigurationPlatforms) = postSolution
		{0874A118-D7F7-476B-9756-69D71EFB6FB3}.Debug|x64.ActiveCfg = Debug|x64
		{0874A118-D7F7-476B-9756-69D71EFB6FB3}.Debug|x64.Build.0 = Debug|x64
		{0874A118-D7F7-476B-9756-69D71EFB6FB3}.Debug|x86.ActiveCfg = Debug|Win32
		{0874A118-D7F7-476B-9756-69D71EFB6FB3}.Debug|x86.Build.0 = Debug|Win32
		{0874A118-D7F7-476B-9756-69D71EFB6FB3}.Release|x64.ActiveCfg = Release|x64
		{0874A118-D7F7-476B-9756-69D71EFB6FB3}.Release|x64.Build.0 = Release|x64
		{0874A118-D7F7-476B-9756-69D71EFB6FB3}.Release|x86.ActiveCfg = Release|Win32
		{0874A118-D7F7-476B-9756-69D71EFB6FB3}.Release|x86.Build.0 = Release|Win32
	EndGlobalSection
	GlobalSection(SolutionProperties) = preSolution
		HideSolutionNode = FALSE
	EndGlobalSection
	GlobalSection(ExtensibilityGlobals) = postSolution
		SolutionGuid = {16476F43-2555-4E20-AE8A-845A3EF6B357}
	EndGlobalSection
EndGlobal
